// !$*UTF8*$!
{
	archiveVersion = 1;
	classes = {
	};
	objectVersion = 50;
	objects = {

/* Begin PBXBuildFile section */
		91950E0C216C71D0002CF60D /* AppDelegate.swift in Sources */ = {isa = PBXBuildFile; fileRef = 91950E0B216C71D0002CF60D /* AppDelegate.swift */; };
		91950E0E216C71D0002CF60D /* ViewController.swift in Sources */ = {isa = PBXBuildFile; fileRef = 91950E0D216C71D0002CF60D /* ViewController.swift */; };
		91950E11216C71D0002CF60D /* Main.storyboard in Resources */ = {isa = PBXBuildFile; fileRef = 91950E0F216C71D0002CF60D /* Main.storyboard */; };
		91950E13216C71D4002CF60D /* Assets.xcassets in Resources */ = {isa = PBXBuildFile; fileRef = 91950E12216C71D4002CF60D /* Assets.xcassets */; };
		91950E16216C71D4002CF60D /* LaunchScreen.storyboard in Resources */ = {isa = PBXBuildFile; fileRef = 91950E14216C71D4002CF60D /* LaunchScreen.storyboard */; };
		B940FD73D477F01951E9B13D /* Pods_ig.framework in Frameworks */ = {isa = PBXBuildFile; fileRef = 5D787A6BDC358EB14DF6DC25 /* Pods_ig.framework */; };
/* End PBXBuildFile section */

/* Begin PBXFileReference section */
		3CE5CE7C53D8EA0F6EB16B7D /* Pods-ig.release.xcconfig */ = {isa = PBXFileReference; includeInIndex = 1; lastKnownFileType = text.xcconfig; name = "Pods-ig.release.xcconfig"; path = "Pods/Target Support Files/Pods-ig/Pods-ig.release.xcconfig"; sourceTree = "<group>"; };
		438546D16AD03A6F2F677B60 /* Pods-ig.debug.xcconfig */ = {isa = PBXFileReference; includeInIndex = 1; lastKnownFileType = text.xcconfig; name = "Pods-ig.debug.xcconfig"; path = "Pods/Target Support Files/Pods-ig/Pods-ig.debug.xcconfig"; sourceTree = "<group>"; };
		5D787A6BDC358EB14DF6DC25 /* Pods_ig.framework */ = {isa = PBXFileReference; explicitFileType = wrapper.framework; includeInIndex = 0; path = Pods_ig.framework; sourceTree = BUILT_PRODUCTS_DIR; };
		91950E08216C71D0002CF60D /* ig.app */ = {isa = PBXFileReference; explicitFileType = wrapper.application; includeInIndex = 0; path = ig.app; sourceTree = BUILT_PRODUCTS_DIR; };
		91950E0B216C71D0002CF60D /* AppDelegate.swift */ = {isa = PBXFileReference; lastKnownFileType = sourcecode.swift; path = AppDelegate.swift; sourceTree = "<group>"; };
		91950E0D216C71D0002CF60D /* ViewController.swift */ = {isa = PBXFileReference; lastKnownFileType = sourcecode.swift; path = ViewController.swift; sourceTree = "<group>"; };
		91950E10216C71D0002CF60D /* Base */ = {isa = PBXFileReference; lastKnownFileType = file.storyboard; name = Base; path = Base.lproj/Main.storyboard; sourceTree = "<group>"; };
		91950E12216C71D4002CF60D /* Assets.xcassets */ = {isa = PBXFileReference; lastKnownFileType = folder.assetcatalog; path = Assets.xcassets; sourceTree = "<group>"; };
		91950E15216C71D4002CF60D /* Base */ = {isa = PBXFileReference; lastKnownFileType = file.storyboard; name = Base; path = Base.lproj/LaunchScreen.storyboard; sourceTree = "<group>"; };
		91950E17216C71D4002CF60D /* Info.plist */ = {isa = PBXFileReference; lastKnownFileType = text.plist.xml; path = Info.plist; sourceTree = "<group>"; };
/* End PBXFileReference section */

/* Begin PBXFrameworksBuildPhase section */
		91950E05216C71D0002CF60D /* Frameworks */ = {
			isa = PBXFrameworksBuildPhase;
			buildActionMask = 2147483647;
			files = (
				B940FD73D477F01951E9B13D /* Pods_ig.framework in Frameworks */,
			);
			runOnlyForDeploymentPostprocessing = 0;
		};
/* End PBXFrameworksBuildPhase section */

/* Begin PBXGroup section */
		057B5EE1EAB240DC179596D9 /* Frameworks */ = {
			isa = PBXGroup;
			children = (
				5D787A6BDC358EB14DF6DC25 /* Pods_ig.framework */,
			);
			name = Frameworks;
			sourceTree = "<group>";
		};
		91950DFF216C71D0002CF60D = {
			isa = PBXGroup;
			children = (
				91950E0A216C71D0002CF60D /* ig */,
				91950E09216C71D0002CF60D /* Products */,
				D69EF82748AE58CA470C8259 /* Pods */,
				057B5EE1EAB240DC179596D9 /* Frameworks */,
			);
			sourceTree = "<group>";
		};
		91950E09216C71D0002CF60D /* Products */ = {
			isa = PBXGroup;
			children = (
				91950E08216C71D0002CF60D /* ig.app */,
			);
			name = Products;
			sourceTree = "<group>";
		};
		91950E0A216C71D0002CF60D /* ig */ = {
			isa = PBXGroup;
			children = (
				91950E0B216C71D0002CF60D /* AppDelegate.swift */,
				91950E0D216C71D0002CF60D /* ViewController.swift */,
				91950E0F216C71D0002CF60D /* Main.storyboard */,
				91950E12216C71D4002CF60D /* Assets.xcassets */,
				91950E14216C71D4002CF60D /* LaunchScreen.storyboard */,
				91950E17216C71D4002CF60D /* Info.plist */,
			);
			path = ig;
			sourceTree = "<group>";
		};
		D69EF82748AE58CA470C8259 /* Pods */ = {
			isa = PBXGroup;
			children = (
				438546D16AD03A6F2F677B60 /* Pods-ig.debug.xcconfig */,
				3CE5CE7C53D8EA0F6EB16B7D /* Pods-ig.release.xcconfig */,
			);
			name = Pods;
			sourceTree = "<group>";
		};
/* End PBXGroup section */

/* Begin PBXNativeTarget section */
		91950E07216C71D0002CF60D /* ig */ = {
			isa = PBXNativeTarget;
			buildConfigurationList = 91950E1A216C71D4002CF60D /* Build configuration list for PBXNativeTarget "ig" */;
			buildPhases = (
				1E7916008C3DE63E1FF79C21 /* [CP] Check Pods Manifest.lock */,
				91950E04216C71D0002CF60D /* Sources */,
				91950E05216C71D0002CF60D /* Frameworks */,
				91950E06216C71D0002CF60D /* Resources */,
				B04B4871B22BC6A8E43D5C2F /* [CP] Embed Pods Frameworks */,
			);
			buildRules = (
			);
			dependencies = (
			);
			name = ig;
			productName = ig;
			productReference = 91950E08216C71D0002CF60D /* ig.app */;
			productType = "com.apple.product-type.application";
		};
/* End PBXNativeTarget section */

/* Begin PBXProject section */
		91950E00216C71D0002CF60D /* Project object */ = {
			isa = PBXProject;
			attributes = {
				LastSwiftUpdateCheck = 1000;
				LastUpgradeCheck = 1000;
				ORGANIZATIONNAME = "Julie Bao";
				TargetAttributes = {
					91950E07216C71D0002CF60D = {
						CreatedOnToolsVersion = 10.0;
					};
				};
			};
			buildConfigurationList = 91950E03216C71D0002CF60D /* Build configuration list for PBXProject "ig" */;
			compatibilityVersion = "Xcode 9.3";
			developmentRegion = en;
			hasScannedForEncodings = 0;
			knownRegions = (
				en,
				Base,
			);
			mainGroup = 91950DFF216C71D0002CF60D;
			productRefGroup = 91950E09216C71D0002CF60D /* Products */;
			projectDirPath = "";
			projectRoot = "";
			targets = (
				91950E07216C71D0002CF60D /* ig */,
			);
		};
/* End PBXProject section */

/* Begin PBXResourcesBuildPhase section */
		91950E06216C71D0002CF60D /* Resources */ = {
			isa = PBXResourcesBuildPhase;
			buildActionMask = 2147483647;
			files = (
				91950E16216C71D4002CF60D /* LaunchScreen.storyboard in Resources */,
				91950E13216C71D4002CF60D /* Assets.xcassets in Resources */,
				91950E11216C71D0002CF60D /* Main.storyboard in Resources */,
			);
			runOnlyForDeploymentPostprocessing = 0;
		};
/* End PBXResourcesBuildPhase section */

/* Begin PBXShellScriptBuildPhase section */
		1E7916008C3DE63E1FF79C21 /* [CP] Check Pods Manifest.lock */ = {
			isa = PBXShellScriptBuildPhase;
			buildActionMask = 2147483647;
			files = (
			);
			inputFileListPaths = (
			);
			inputPaths = (
				"${PODS_PODFILE_DIR_PATH}/Podfile.lock",
				"${PODS_ROOT}/Manifest.lock",
			);
			name = "[CP] Check Pods Manifest.lock";
			outputFileListPaths = (
			);
			outputPaths = (
				"$(DERIVED_FILE_DIR)/Pods-ig-checkManifestLockResult.txt",
			);
			runOnlyForDeploymentPostprocessing = 0;
			shellPath = /bin/sh;
			shellScript = "diff \"${PODS_PODFILE_DIR_PATH}/Podfile.lock\" \"${PODS_ROOT}/Manifest.lock\" > /dev/null\nif [ $? != 0 ] ; then\n    # print error to STDERR\n    echo \"error: The sandbox is not in sync with the Podfile.lock. Run 'pod install' or update your CocoaPods installation.\" >&2\n    exit 1\nfi\n# This output is used by Xcode 'outputs' to avoid re-running this script phase.\necho \"SUCCESS\" > \"${SCRIPT_OUTPUT_FILE_0}\"\n";
			showEnvVarsInLog = 0;
		};
		B04B4871B22BC6A8E43D5C2F /* [CP] Embed Pods Frameworks */ = {
			isa = PBXShellScriptBuildPhase;
			buildActionMask = 2147483647;
			files = (
			);
			inputFileListPaths = (
			);
			inputPaths = (
				"${SRCROOT}/Pods/Target Support Files/Pods-ig/Pods-ig-frameworks.sh",
				"${BUILT_PRODUCTS_DIR}/Bolts/Bolts.framework",
				"${BUILT_PRODUCTS_DIR}/Parse/Parse.framework",
			);
			name = "[CP] Embed Pods Frameworks";
			outputFileListPaths = (
			);
			outputPaths = (
				"${TARGET_BUILD_DIR}/${FRAMEWORKS_FOLDER_PATH}/Bolts.framework",
				"${TARGET_BUILD_DIR}/${FRAMEWORKS_FOLDER_PATH}/Parse.framework",
			);
			runOnlyForDeploymentPostprocessing = 0;
			shellPath = /bin/sh;
			shellScript = "\"${SRCROOT}/Pods/Target Support Files/Pods-ig/Pods-ig-frameworks.sh\"\n";
			showEnvVarsInLog = 0;
		};
/* End PBXShellScriptBuildPhase section */

/* Begin PBXSourcesBuildPhase section */
		91950E04216C71D0002CF60D /* Sources */ = {
			isa = PBXSourcesBuildPhase;
			buildActionMask = 2147483647;
			files = (
				91950E0E216C71D0002CF60D /* ViewController.swift in Sources */,
				91950E0C216C71D0002CF60D /* AppDelegate.swift in Sources */,
			);
			runOnlyForDeploymentPostprocessing = 0;
		};
/* End PBXSourcesBuildPhase section */

/* Begin PBXVariantGroup section */
		91950E0F216C71D0002CF60D /* Main.storyboard */ = {
			isa = PBXVariantGroup;
			children = (
				91950E10216C71D0002CF60D /* Base */,
			);
			name = Main.storyboard;
			sourceTree = "<group>";
		};
		91950E14216C71D4002CF60D /* LaunchScreen.storyboard */ = {
			isa = PBXVariantGroup;
			children = (
				91950E15216C71D4002CF60D /* Base */,
			);
			name = LaunchScreen.storyboard;
			sourceTree = "<group>";
		};
/* End PBXVariantGroup section */

/* Begin XCBuildConfiguration section */
		91950E18216C71D4002CF60D /* Debug */ = {
			isa = XCBuildConfiguration;
			buildSettings = {
				ALWAYS_SEARCH_USER_PATHS = NO;
				CLANG_ANALYZER_NONNULL = YES;
				CLANG_ANALYZER_NUMBER_OBJECT_CONVERSION = YES_AGGRESSIVE;
				CLANG_CXX_LANGUAGE_STANDARD = "gnu++14";
				CLANG_CXX_LIBRARY = "libc++";
				CLANG_ENABLE_MODULES = YES;
				CLANG_ENABLE_OBJC_ARC = YES;
				CLANG_ENABLE_OBJC_WEAK = YES;
				CLANG_WARN_BLOCK_CAPTURE_AUTORELEASING = YES;
				CLANG_WARN_BOOL_CONVERSION = YES;
				CLANG_WARN_COMMA = YES;
				CLANG_WARN_CONSTANT_CONVERSION = YES;
				CLANG_WARN_DEPRECATED_OBJC_IMPLEMENTATIONS = YES;
				CLANG_WARN_DIRECT_OBJC_ISA_USAGE = YES_ERROR;
				CLANG_WARN_DOCUMENTATION_COMMENTS = YES;
				CLANG_WARN_EMPTY_BODY = YES;
				CLANG_WARN_ENUM_CONVERSION = YES;
				CLANG_WARN_INFINITE_RECURSION = YES;
				CLANG_WARN_INT_CONVERSION = YES;
				CLANG_WARN_NON_LITERAL_NULL_CONVERSION = YES;
				CLANG_WARN_OBJC_IMPLICIT_RETAIN_SELF = YES;
				CLANG_WARN_OBJC_LITERAL_CONVERSION = YES;
				CLANG_WARN_OBJC_ROOT_CLASS = YES_ERROR;
				CLANG_WARN_RANGE_LOOP_ANALYSIS = YES;
				CLANG_WARN_STRICT_PROTOTYPES = YES;
				CLANG_WARN_SUSPICIOUS_MOVE = YES;
				CLANG_WARN_UNGUARDED_AVAILABILITY = YES_AGGRESSIVE;
				CLANG_WARN_UNREACHABLE_CODE = YES;
				CLANG_WARN__DUPLICATE_METHOD_MATCH = YES;
				CODE_SIGN_IDENTITY = "iPhone Developer";
				COPY_PHASE_STRIP = NO;
				DEBUG_INFORMATION_FORMAT = dwarf;
				ENABLE_STRICT_OBJC_MSGSEND = YES;
				ENABLE_TESTABILITY = YES;
				GCC_C_LANGUAGE_STANDARD = gnu11;
				GCC_DYNAMIC_NO_PIC = NO;
				GCC_NO_COMMON_BLOCKS = YES;
				GCC_OPTIMIZATION_LEVEL = 0;
				GCC_PREPROCESSOR_DEFINITIONS = (
					"DEBUG=1",
					"$(inherited)",
				);
				GCC_WARN_64_TO_32_BIT_CONVERSION = YES;
				GCC_WARN_ABOUT_RETURN_TYPE = YES_ERROR;
				GCC_WARN_UNDECLARED_SELECTOR = YES;
				GCC_WARN_UNINITIALIZED_AUTOS = YES_AGGRESSIVE;
				GCC_WARN_UNUSED_FUNCTION = YES;
				GCC_WARN_UNUSED_VARIABLE = YES;
				IPHONEOS_DEPLOYMENT_TARGET = 12.0;
				MTL_ENABLE_DEBUG_INFO = INCLUDE_SOURCE;
				MTL_FAST_MATH = YES;
				ONLY_ACTIVE_ARCH = YES;
				SDKROOT = iphoneos;
				SWIFT_ACTIVE_COMPILATION_CONDITIONS = DEBUG;
				SWIFT_OPTIMIZATION_LEVEL = "-Onone";
			};
			name = Debug;
		};
		91950E19216C71D4002CF60D /* Release */ = {
			isa = XCBuildConfiguration;
			buildSettings = {
				ALWAYS_SEARCH_USER_PATHS = NO;
				CLANG_ANALYZER_NONNULL = YES;
				CLANG_ANALYZER_NUMBER_OBJECT_CONVERSION = YES_AGGRESSIVE;
				CLANG_CXX_LANGUAGE_STANDARD = "gnu++14";
				CLANG_CXX_LIBRARY = "libc++";
				CLANG_ENABLE_MODULES = YES;
				CLANG_ENABLE_OBJC_ARC = YES;
				CLANG_ENABLE_OBJC_WEAK = YES;
				CLANG_WARN_BLOCK_CAPTURE_AUTORELEASING = YES;
				CLANG_WARN_BOOL_CONVERSION = YES;
				CLANG_WARN_COMMA = YES;
				CLANG_WARN_CONSTANT_CONVERSION = YES;
				CLANG_WARN_DEPRECATED_OBJC_IMPLEMENTATIONS = YES;
				CLANG_WARN_DIRECT_OBJC_ISA_USAGE = YES_ERROR;
				CLANG_WARN_DOCUMENTATION_COMMENTS = YES;
				CLANG_WARN_EMPTY_BODY = YES;
				CLANG_WARN_ENUM_CONVERSION = YES;
				CLANG_WARN_INFINITE_RECURSION = YES;
				CLANG_WARN_INT_CONVERSION = YES;
				CLANG_WARN_NON_LITERAL_NULL_CONVERSION = YES;
				CLANG_WARN_OBJC_IMPLICIT_RETAIN_SELF = YES;
				CLANG_WARN_OBJC_LITERAL_CONVERSION = YES;
				CLANG_WARN_OBJC_ROOT_CLASS = YES_ERROR;
				CLANG_WARN_RANGE_LOOP_ANALYSIS = YES;
				CLANG_WARN_STRICT_PROTOTYPES = YES;
				CLANG_WARN_SUSPICIOUS_MOVE = YES;
				CLANG_WARN_UNGUARDED_AVAILABILITY = YES_AGGRESSIVE;
				CLANG_WARN_UNREACHABLE_CODE = YES;
				CLANG_WARN__DUPLICATE_METHOD_MATCH = YES;
				CODE_SIGN_IDENTITY = "iPhone Developer";
				COPY_PHASE_STRIP = NO;
				DEBUG_INFORMATION_FORMAT = "dwarf-with-dsym";
				ENABLE_NS_ASSERTIONS = NO;
				ENABLE_STRICT_OBJC_MSGSEND = YES;
				GCC_C_LANGUAGE_STANDARD = gnu11;
				GCC_NO_COMMON_BLOCKS = YES;
				GCC_WARN_64_TO_32_BIT_CONVERSION = YES;
				GCC_WARN_ABOUT_RETURN_TYPE = YES_ERROR;
				GCC_WARN_UNDECLARED_SELECTOR = YES;
				GCC_WARN_UNINITIALIZED_AUTOS = YES_AGGRESSIVE;
				GCC_WARN_UNUSED_FUNCTION = YES;
				GCC_WARN_UNUSED_VARIABLE = YES;
				IPHONEOS_DEPLOYMENT_TARGET = 12.0;
				MTL_ENABLE_DEBUG_INFO = NO;
				MTL_FAST_MATH = YES;
				SDKROOT = iphoneos;
				SWIFT_COMPILATION_MODE = wholemodule;
				SWIFT_OPTIMIZATION_LEVEL = "-O";
				VALIDATE_PRODUCT = YES;
			};
			name = Release;
		};
		91950E1B216C71D4002CF60D /* Debug */ = {
			isa = XCBuildConfiguration;
			baseConfigurationReference = 438546D16AD03A6F2F677B60 /* Pods-ig.debug.xcconfig */;
			buildSettings = {
				ASSETCATALOG_COMPILER_APPICON_NAME = AppIcon;
				CODE_SIGN_STYLE = Automatic;
				INFOPLIST_FILE = ig/Info.plist;
				LD_RUNPATH_SEARCH_PATHS = (
					"$(inherited)",
					"@executable_path/Frameworks",
				);
				PRODUCT_BUNDLE_IDENTIFIER = juliebee1024.ig;
				PRODUCT_NAME = "$(TARGET_NAME)";
				SWIFT_VERSION = 4.2;
				TARGETED_DEVICE_FAMILY = "1,2";
			};
			name = Debug;
		};
		91950E1C216C71D4002CF60D /* Release */ = {
			isa = XCBuildConfiguration;
			baseConfigurationReference = 3CE5CE7C53D8EA0F6EB16B7D /* Pods-ig.release.xcconfig */;
			buildSettings = {
				ASSETCATALOG_COMPILER_APPICON_NAME = AppIcon;
				CODE_SIGN_STYLE = Automatic;
				INFOPLIST_FILE = ig/Info.plist;
				LD_RUNPATH_SEARCH_PATHS = (
					"$(inherited)",
					"@executable_path/Frameworks",
				);
				PRODUCT_BUNDLE_IDENTIFIER = juliebee1024.ig;
				PRODUCT_NAME = "$(TARGET_NAME)";
				SWIFT_VERSION = 4.2;
				TARGETED_DEVICE_FAMILY = "1,2";
			};
			name = Release;
		};
/* End XCBuildConfiguration section */

/* Begin XCConfigurationList section */
		91950E03216C71D0002CF60D /* Build configuration list for PBXProject "ig" */ = {
			isa = XCConfigurationList;
			buildConfigurations = (
				91950E18216C71D4002CF60D /* Debug */,
				91950E19216C71D4002CF60D /* Release */,
			);
			defaultConfigurationIsVisible = 0;
			defaultConfigurationName = Release;
		};
		91950E1A216C71D4002CF60D /* Build configuration list for PBXNativeTarget "ig" */ = {
			isa = XCConfigurationList;
			buildConfigurations = (
				91950E1B216C71D4002CF60D /* Debug */,
				91950E1C216C71D4002CF60D /* Release */,
			);
			defaultConfigurationIsVisible = 0;
			defaultConfigurationName = Release;
		};
/* End XCConfigurationList section */
	};
	rootObject = 91950E00216C71D0002CF60D /* Project object */;
}
